// !$*UTF8*$!
{
	archiveVersion = 1;
	classes = {
	};
	objectVersion = 46;
	objects = {

/* Begin PBXBuildFile section */
		5D0C96DB1E64BEC200BFE448 /* CustomExtentions.swift in Sources */ = {isa = PBXBuildFile; fileRef = 5D0C96DA1E64BEC200BFE448 /* CustomExtentions.swift */; };
		5D0C96DF1E64C58D00BFE448 /* MenuViewController.swift in Sources */ = {isa = PBXBuildFile; fileRef = 5D0C96DE1E64C58D00BFE448 /* MenuViewController.swift */; };
		5D0C96E71E64C63D00BFE448 /* SWRevealViewController.m in Sources */ = {isa = PBXBuildFile; fileRef = 5D0C96E61E64C63D00BFE448 /* SWRevealViewController.m */; };
		3FE247141DE62056003B4431 /* Crashlytics.framework in Frameworks */ = {isa = PBXBuildFile; fileRef = 3FE247121DE62056003B4431 /* Crashlytics.framework */; };
		3FE247151DE62056003B4431 /* Fabric.framework in Frameworks */ = {isa = PBXBuildFile; fileRef = 3FE247131DE62056003B4431 /* Fabric.framework */; };
		5D32F8341DE6043600597BEC /* AppDelegate.swift in Sources */ = {isa = PBXBuildFile; fileRef = 5D32F8331DE6043600597BEC /* AppDelegate.swift */; };
		5D32F8361DE6043600597BEC /* ViewController.swift in Sources */ = {isa = PBXBuildFile; fileRef = 5D32F8351DE6043600597BEC /* ViewController.swift */; };
		5D32F8391DE6043600597BEC /* Main.storyboard in Resources */ = {isa = PBXBuildFile; fileRef = 5D32F8371DE6043600597BEC /* Main.storyboard */; };
		5D32F83B1DE6043600597BEC /* Assets.xcassets in Resources */ = {isa = PBXBuildFile; fileRef = 5D32F83A1DE6043600597BEC /* Assets.xcassets */; };
		5D32F83E1DE6043600597BEC /* LaunchScreen.storyboard in Resources */ = {isa = PBXBuildFile; fileRef = 5D32F83C1DE6043600597BEC /* LaunchScreen.storyboard */; };
		5D3894DA1E64A169001581D9 /* CalculatorView.swift in Sources */ = {isa = PBXBuildFile; fileRef = 5D3894D81E64A169001581D9 /* CalculatorView.swift */; };
		5D3894DB1E64A169001581D9 /* CalculatorView.xib in Resources */ = {isa = PBXBuildFile; fileRef = 5D3894D91E64A169001581D9 /* CalculatorView.xib */; };
/* End PBXBuildFile section */

/* Begin PBXFileReference section */
		5D0C96DA1E64BEC200BFE448 /* CustomExtentions.swift */ = {isa = PBXFileReference; fileEncoding = 4; lastKnownFileType = sourcecode.swift; path = CustomExtentions.swift; sourceTree = "<group>"; };
		5D0C96DE1E64C58D00BFE448 /* MenuViewController.swift */ = {isa = PBXFileReference; fileEncoding = 4; lastKnownFileType = sourcecode.swift; path = MenuViewController.swift; sourceTree = "<group>"; };
		5D0C96E41E64C63C00BFE448 /* iosCalculator-Bridging-Header.h */ = {isa = PBXFileReference; lastKnownFileType = sourcecode.c.h; path = "iosCalculator-Bridging-Header.h"; sourceTree = "<group>"; };
		5D0C96E51E64C63D00BFE448 /* SWRevealViewController.h */ = {isa = PBXFileReference; fileEncoding = 4; lastKnownFileType = sourcecode.c.h; path = SWRevealViewController.h; sourceTree = "<group>"; };
		5D0C96E61E64C63D00BFE448 /* SWRevealViewController.m */ = {isa = PBXFileReference; fileEncoding = 4; lastKnownFileType = sourcecode.c.objc; path = SWRevealViewController.m; sourceTree = "<group>"; };
		3FE247121DE62056003B4431 /* Crashlytics.framework */ = {isa = PBXFileReference; lastKnownFileType = wrapper.framework; path = Crashlytics.framework; sourceTree = "<group>"; };
		3FE247131DE62056003B4431 /* Fabric.framework */ = {isa = PBXFileReference; lastKnownFileType = wrapper.framework; path = Fabric.framework; sourceTree = "<group>"; };
		5D32F8301DE6043600597BEC /* iosCalculator.app */ = {isa = PBXFileReference; explicitFileType = wrapper.application; includeInIndex = 0; path = iosCalculator.app; sourceTree = BUILT_PRODUCTS_DIR; };
		5D32F8331DE6043600597BEC /* AppDelegate.swift */ = {isa = PBXFileReference; lastKnownFileType = sourcecode.swift; path = AppDelegate.swift; sourceTree = "<group>"; };
		5D32F8351DE6043600597BEC /* ViewController.swift */ = {isa = PBXFileReference; lastKnownFileType = sourcecode.swift; path = ViewController.swift; sourceTree = "<group>"; };
		5D32F8381DE6043600597BEC /* Base */ = {isa = PBXFileReference; lastKnownFileType = file.storyboard; name = Base; path = Base.lproj/Main.storyboard; sourceTree = "<group>"; };
		5D32F83A1DE6043600597BEC /* Assets.xcassets */ = {isa = PBXFileReference; lastKnownFileType = folder.assetcatalog; path = Assets.xcassets; sourceTree = "<group>"; };
		5D32F83D1DE6043600597BEC /* Base */ = {isa = PBXFileReference; lastKnownFileType = file.storyboard; name = Base; path = Base.lproj/LaunchScreen.storyboard; sourceTree = "<group>"; };
		5D32F83F1DE6043600597BEC /* Info.plist */ = {isa = PBXFileReference; lastKnownFileType = text.plist.xml; path = Info.plist; sourceTree = "<group>"; };
		5D3894D81E64A169001581D9 /* CalculatorView.swift */ = {isa = PBXFileReference; fileEncoding = 4; lastKnownFileType = sourcecode.swift; path = CalculatorView.swift; sourceTree = "<group>"; };
		5D3894D91E64A169001581D9 /* CalculatorView.xib */ = {isa = PBXFileReference; fileEncoding = 4; lastKnownFileType = file.xib; path = CalculatorView.xib; sourceTree = "<group>"; };
/* End PBXFileReference section */

/* Begin PBXFrameworksBuildPhase section */
		5D32F82D1DE6043600597BEC /* Frameworks */ = {
			isa = PBXFrameworksBuildPhase;
			buildActionMask = 2147483647;
			files = (
				3FE247141DE62056003B4431 /* Crashlytics.framework in Frameworks */,
				3FE247151DE62056003B4431 /* Fabric.framework in Frameworks */,
			);
			runOnlyForDeploymentPostprocessing = 0;
		};
/* End PBXFrameworksBuildPhase section */

/* Begin PBXGroup section */
		5D0C96D91E64BCED00BFE448 /* Extentions */ = {
			isa = PBXGroup;
			children = (
				5D0C96DA1E64BEC200BFE448 /* CustomExtentions.swift */,
			);
			name = Extentions;
			sourceTree = "<group>";
		};
		5D0C96E01E64C5D700BFE448 /* Libraries */ = {
			isa = PBXGroup;
			children = (
				5D0C96E51E64C63D00BFE448 /* SWRevealViewController.h */,
				5D0C96E61E64C63D00BFE448 /* SWRevealViewController.m */,
				5D0C96E41E64C63C00BFE448 /* iosCalculator-Bridging-Header.h */,
			);
			name = Libraries;
			sourceTree = "<group>";
		};
		5D32F8271DE6043500597BEC = {
			isa = PBXGroup;
			children = (
				3FE247121DE62056003B4431 /* Crashlytics.framework */,
				3FE247131DE62056003B4431 /* Fabric.framework */,
				5D32F8321DE6043600597BEC /* iosCalculator */,
				5D32F8311DE6043600597BEC /* Products */,
			);
			sourceTree = "<group>";
		};
		5D32F8311DE6043600597BEC /* Products */ = {
			isa = PBXGroup;
			children = (
				5D32F8301DE6043600597BEC /* iosCalculator.app */,
			);
			name = Products;
			sourceTree = "<group>";
		};
		5D32F8321DE6043600597BEC /* iosCalculator */ = {
			isa = PBXGroup;
			children = (
				5D0C96E01E64C5D700BFE448 /* Libraries */,
				5D0C96D91E64BCED00BFE448 /* Extentions */,
				5D32F84A1DE6055C00597BEC /* iosCalculator */,
				5D32F8451DE604CC00597BEC /* iosCalculatorExample */,
			);
			path = iosCalculator;
			sourceTree = "<group>";
		};
		5D32F8451DE604CC00597BEC /* iosCalculatorExample */ = {
			isa = PBXGroup;
			children = (
				5D0C96DE1E64C58D00BFE448 /* MenuViewController.swift */,
				5D32F8331DE6043600597BEC /* AppDelegate.swift */,
				5D32F8351DE6043600597BEC /* ViewController.swift */,
				5D32F8371DE6043600597BEC /* Main.storyboard */,
				5D32F83A1DE6043600597BEC /* Assets.xcassets */,
				5D32F83C1DE6043600597BEC /* LaunchScreen.storyboard */,
				5D32F83F1DE6043600597BEC /* Info.plist */,
			);
			name = iosCalculatorExample;
			sourceTree = "<group>";
		};
		5D32F84A1DE6055C00597BEC /* iosCalculator */ = {
			isa = PBXGroup;
			children = (
				5D3894D81E64A169001581D9 /* CalculatorView.swift */,
				5D3894D91E64A169001581D9 /* CalculatorView.xib */,
			);
			name = iosCalculator;
			sourceTree = "<group>";
		};
/* End PBXGroup section */

/* Begin PBXNativeTarget section */
		5D32F82F1DE6043600597BEC /* iosCalculator */ = {
			isa = PBXNativeTarget;
			buildConfigurationList = 5D32F8421DE6043600597BEC /* Build configuration list for PBXNativeTarget "iosCalculator" */;
			buildPhases = (
				5D32F82C1DE6043600597BEC /* Sources */,
				5D32F82D1DE6043600597BEC /* Frameworks */,
				5D32F82E1DE6043600597BEC /* Resources */,
				3FE247161DE620AA003B4431 /* ShellScript */,
			);
			buildRules = (
			);
			dependencies = (
			);
			name = iosCalculator;
			productName = iosCalculator;
			productReference = 5D32F8301DE6043600597BEC /* iosCalculator.app */;
			productType = "com.apple.product-type.application";
		};
/* End PBXNativeTarget section */

/* Begin PBXProject section */
		5D32F8281DE6043600597BEC /* Project object */ = {
			isa = PBXProject;
			attributes = {
				LastSwiftUpdateCheck = 0810;
				LastUpgradeCheck = 0810;
				ORGANIZATIONNAME = "Rome Rock";
				TargetAttributes = {
					5D32F82F1DE6043600597BEC = {
						CreatedOnToolsVersion = 8.1;
						LastSwiftMigration = 0820;
						DevelopmentTeam = M637AR755M;
						ProvisioningStyle = Automatic;
					};
				};
			};
			buildConfigurationList = 5D32F82B1DE6043600597BEC /* Build configuration list for PBXProject "iosCalculator" */;
			compatibilityVersion = "Xcode 3.2";
			developmentRegion = English;
			hasScannedForEncodings = 0;
			knownRegions = (
				en,
				Base,
			);
			mainGroup = 5D32F8271DE6043500597BEC;
			productRefGroup = 5D32F8311DE6043600597BEC /* Products */;
			projectDirPath = "";
			projectRoot = "";
			targets = (
				5D32F82F1DE6043600597BEC /* iosCalculator */,
			);
		};
/* End PBXProject section */

/* Begin PBXResourcesBuildPhase section */
		5D32F82E1DE6043600597BEC /* Resources */ = {
			isa = PBXResourcesBuildPhase;
			buildActionMask = 2147483647;
			files = (
				5D3894DB1E64A169001581D9 /* CalculatorView.xib in Resources */,
				5D32F83E1DE6043600597BEC /* LaunchScreen.storyboard in Resources */,
				5D32F83B1DE6043600597BEC /* Assets.xcassets in Resources */,
				5D32F8391DE6043600597BEC /* Main.storyboard in Resources */,
			);
			runOnlyForDeploymentPostprocessing = 0;
		};
/* End PBXResourcesBuildPhase section */

/* Begin PBXShellScriptBuildPhase section */
		3FE247161DE620AA003B4431 /* ShellScript */ = {
			isa = PBXShellScriptBuildPhase;
			buildActionMask = 2147483647;
			files = (
			);
			inputPaths = (
			);
			outputPaths = (
			);
			runOnlyForDeploymentPostprocessing = 0;
			shellPath = /bin/sh;
			shellScript = "\"${PROJECT_DIR}/Fabric.framework/run\" 86fe069ba50b0e638135e385737ebb6a3a748338 d3c2257bc7068a694cb5cfb2e4180035da34b00b7c2443ed849298fd3c170331";
		};
/* End PBXShellScriptBuildPhase section */

/* Begin PBXSourcesBuildPhase section */
		5D32F82C1DE6043600597BEC /* Sources */ = {
			isa = PBXSourcesBuildPhase;
			buildActionMask = 2147483647;
			files = (
				5D3894DA1E64A169001581D9 /* CalculatorView.swift in Sources */,
				5D0C96DF1E64C58D00BFE448 /* MenuViewController.swift in Sources */,
				5D0C96DB1E64BEC200BFE448 /* CustomExtentions.swift in Sources */,
				5D32F8361DE6043600597BEC /* ViewController.swift in Sources */,
				5D32F8341DE6043600597BEC /* AppDelegate.swift in Sources */,
				5D0C96E71E64C63D00BFE448 /* SWRevealViewController.m in Sources */,
			);
			runOnlyForDeploymentPostprocessing = 0;
		};
/* End PBXSourcesBuildPhase section */

/* Begin PBXVariantGroup section */
		5D32F8371DE6043600597BEC /* Main.storyboard */ = {
			isa = PBXVariantGroup;
			children = (
				5D32F8381DE6043600597BEC /* Base */,
			);
			name = Main.storyboard;
			sourceTree = "<group>";
		};
		5D32F83C1DE6043600597BEC /* LaunchScreen.storyboard */ = {
			isa = PBXVariantGroup;
			children = (
				5D32F83D1DE6043600597BEC /* Base */,
			);
			name = LaunchScreen.storyboard;
			sourceTree = "<group>";
		};
/* End PBXVariantGroup section */

/* Begin XCBuildConfiguration section */
		5D32F8401DE6043600597BEC /* Debug */ = {
			isa = XCBuildConfiguration;
			buildSettings = {
				ALWAYS_SEARCH_USER_PATHS = NO;
				CLANG_ANALYZER_NONNULL = YES;
				CLANG_CXX_LANGUAGE_STANDARD = "gnu++0x";
				CLANG_CXX_LIBRARY = "libc++";
				CLANG_ENABLE_MODULES = YES;
				CLANG_ENABLE_OBJC_ARC = YES;
				CLANG_WARN_BOOL_CONVERSION = YES;
				CLANG_WARN_CONSTANT_CONVERSION = YES;
				CLANG_WARN_DIRECT_OBJC_ISA_USAGE = YES_ERROR;
				CLANG_WARN_DOCUMENTATION_COMMENTS = YES;
				CLANG_WARN_EMPTY_BODY = YES;
				CLANG_WARN_ENUM_CONVERSION = YES;
				CLANG_WARN_INFINITE_RECURSION = YES;
				CLANG_WARN_INT_CONVERSION = YES;
				CLANG_WARN_OBJC_ROOT_CLASS = YES_ERROR;
				CLANG_WARN_SUSPICIOUS_MOVES = YES;
				CLANG_WARN_UNREACHABLE_CODE = YES;
				CLANG_WARN__DUPLICATE_METHOD_MATCH = YES;
				"CODE_SIGN_IDENTITY[sdk=iphoneos*]" = "iPhone Developer";
				COPY_PHASE_STRIP = NO;
				DEBUG_INFORMATION_FORMAT = dwarf;
				ENABLE_STRICT_OBJC_MSGSEND = YES;
				ENABLE_TESTABILITY = YES;
				GCC_C_LANGUAGE_STANDARD = gnu99;
				GCC_DYNAMIC_NO_PIC = NO;
				GCC_NO_COMMON_BLOCKS = YES;
				GCC_OPTIMIZATION_LEVEL = 0;
				GCC_PREPROCESSOR_DEFINITIONS = (
					"DEBUG=1",
					"$(inherited)",
				);
				GCC_WARN_64_TO_32_BIT_CONVERSION = YES;
				GCC_WARN_ABOUT_RETURN_TYPE = YES_ERROR;
				GCC_WARN_UNDECLARED_SELECTOR = YES;
				GCC_WARN_UNINITIALIZED_AUTOS = YES_AGGRESSIVE;
				GCC_WARN_UNUSED_FUNCTION = YES;
				GCC_WARN_UNUSED_VARIABLE = YES;
				IPHONEOS_DEPLOYMENT_TARGET = 10.1;
				MTL_ENABLE_DEBUG_INFO = YES;
				ONLY_ACTIVE_ARCH = YES;
				SDKROOT = iphoneos;
				SWIFT_ACTIVE_COMPILATION_CONDITIONS = DEBUG;
				SWIFT_OPTIMIZATION_LEVEL = "-Onone";
				TARGETED_DEVICE_FAMILY = "1,2";
			};
			name = Debug;
		};
		5D32F8411DE6043600597BEC /* Release */ = {
			isa = XCBuildConfiguration;
			buildSettings = {
				ALWAYS_SEARCH_USER_PATHS = NO;
				CLANG_ANALYZER_NONNULL = YES;
				CLANG_CXX_LANGUAGE_STANDARD = "gnu++0x";
				CLANG_CXX_LIBRARY = "libc++";
				CLANG_ENABLE_MODULES = YES;
				CLANG_ENABLE_OBJC_ARC = YES;
				CLANG_WARN_BOOL_CONVERSION = YES;
				CLANG_WARN_CONSTANT_CONVERSION = YES;
				CLANG_WARN_DIRECT_OBJC_ISA_USAGE = YES_ERROR;
				CLANG_WARN_DOCUMENTATION_COMMENTS = YES;
				CLANG_WARN_EMPTY_BODY = YES;
				CLANG_WARN_ENUM_CONVERSION = YES;
				CLANG_WARN_INFINITE_RECURSION = YES;
				CLANG_WARN_INT_CONVERSION = YES;
				CLANG_WARN_OBJC_ROOT_CLASS = YES_ERROR;
				CLANG_WARN_SUSPICIOUS_MOVES = YES;
				CLANG_WARN_UNREACHABLE_CODE = YES;
				CLANG_WARN__DUPLICATE_METHOD_MATCH = YES;
				"CODE_SIGN_IDENTITY[sdk=iphoneos*]" = "iPhone Developer";
				COPY_PHASE_STRIP = NO;
				DEBUG_INFORMATION_FORMAT = "dwarf-with-dsym";
				ENABLE_NS_ASSERTIONS = NO;
				ENABLE_STRICT_OBJC_MSGSEND = YES;
				GCC_C_LANGUAGE_STANDARD = gnu99;
				GCC_NO_COMMON_BLOCKS = YES;
				GCC_WARN_64_TO_32_BIT_CONVERSION = YES;
				GCC_WARN_ABOUT_RETURN_TYPE = YES_ERROR;
				GCC_WARN_UNDECLARED_SELECTOR = YES;
				GCC_WARN_UNINITIALIZED_AUTOS = YES_AGGRESSIVE;
				GCC_WARN_UNUSED_FUNCTION = YES;
				GCC_WARN_UNUSED_VARIABLE = YES;
				IPHONEOS_DEPLOYMENT_TARGET = 10.1;
				MTL_ENABLE_DEBUG_INFO = NO;
				SDKROOT = iphoneos;
				SWIFT_OPTIMIZATION_LEVEL = "-Owholemodule";
				TARGETED_DEVICE_FAMILY = "1,2";
				VALIDATE_PRODUCT = YES;
			};
			name = Release;
		};
		5D32F8431DE6043600597BEC /* Debug */ = {
			isa = XCBuildConfiguration;
			buildSettings = {
				ASSETCATALOG_COMPILER_APPICON_NAME = AppIcon;
				CLANG_ENABLE_MODULES = YES;
				DEVELOPMENT_TEAM = M637AR755M;
				FRAMEWORK_SEARCH_PATHS = (
					"$(inherited)",
					"$(PROJECT_DIR)",
				);
				INFOPLIST_FILE = iosCalculator/Info.plist;
				LD_RUNPATH_SEARCH_PATHS = "$(inherited) @executable_path/Frameworks";
				PRODUCT_BUNDLE_IDENTIFIER = com.romerock.modules.iOS.tinycalculator;
				PRODUCT_NAME = "$(TARGET_NAME)";
				SWIFT_OBJC_BRIDGING_HEADER = "iosCalculator/iosCalculator-Bridging-Header.h";
				SWIFT_OPTIMIZATION_LEVEL = "-Onone";
				SWIFT_VERSION = 3.0;
			};
			name = Debug;
		};
		5D32F8441DE6043600597BEC /* Release */ = {
			isa = XCBuildConfiguration;
			buildSettings = {
				ASSETCATALOG_COMPILER_APPICON_NAME = AppIcon;
				CLANG_ENABLE_MODULES = YES;
				DEVELOPMENT_TEAM = M637AR755M;
				FRAMEWORK_SEARCH_PATHS = (
					"$(inherited)",
					"$(PROJECT_DIR)",
				);
				INFOPLIST_FILE = iosCalculator/Info.plist;
				LD_RUNPATH_SEARCH_PATHS = "$(inherited) @executable_path/Frameworks";
				PRODUCT_BUNDLE_IDENTIFIER = com.romerock.modules.iOS.tinycalculator;
				PRODUCT_NAME = "$(TARGET_NAME)";
				SWIFT_OBJC_BRIDGING_HEADER = "iosCalculator/iosCalculator-Bridging-Header.h";
				SWIFT_VERSION = 3.0;
			};
			name = Release;
		};
/* End XCBuildConfiguration section */

/* Begin XCConfigurationList section */
		5D32F82B1DE6043600597BEC /* Build configuration list for PBXProject "iosCalculator" */ = {
			isa = XCConfigurationList;
			buildConfigurations = (
				5D32F8401DE6043600597BEC /* Debug */,
				5D32F8411DE6043600597BEC /* Release */,
			);
			defaultConfigurationIsVisible = 0;
			defaultConfigurationName = Release;
		};
		5D32F8421DE6043600597BEC /* Build configuration list for PBXNativeTarget "iosCalculator" */ = {
			isa = XCConfigurationList;
			buildConfigurations = (
				5D32F8431DE6043600597BEC /* Debug */,
				5D32F8441DE6043600597BEC /* Release */,
			);
			defaultConfigurationIsVisible = 0;
			defaultConfigurationName = Release;
		};
/* End XCConfigurationList section */
	};
	rootObject = 5D32F8281DE6043600597BEC /* Project object */;
}
