// !$*UTF8*$!
{
	archiveVersion = 1;
	classes = {
	};
	objectVersion = 46;
	objects = {

/* Begin PBXBuildFile section */
		5D0C96F51E64D54500BFE448 /* AppDelegate.swift in Sources */ = {isa = PBXBuildFile; fileRef = 5D0C96F41E64D54500BFE448 /* AppDelegate.swift */; };
		5D0C96F71E64D54500BFE448 /* ViewController.swift in Sources */ = {isa = PBXBuildFile; fileRef = 5D0C96F61E64D54500BFE448 /* ViewController.swift */; };
		5D0C96FA1E64D54500BFE448 /* Main.storyboard in Resources */ = {isa = PBXBuildFile; fileRef = 5D0C96F81E64D54500BFE448 /* Main.storyboard */; };
		5D0C96FC1E64D54500BFE448 /* Assets.xcassets in Resources */ = {isa = PBXBuildFile; fileRef = 5D0C96FB1E64D54500BFE448 /* Assets.xcassets */; };
		5D0C96FF1E64D54500BFE448 /* LaunchScreen.storyboard in Resources */ = {isa = PBXBuildFile; fileRef = 5D0C96FD1E64D54500BFE448 /* LaunchScreen.storyboard */; };
		5D0C97091E64D61500BFE448 /* CalculatorView.swift in Sources */ = {isa = PBXBuildFile; fileRef = 5D0C97061E64D61500BFE448 /* CalculatorView.swift */; };
		5D0C970A1E64D61500BFE448 /* CalculatorView.xib in Resources */ = {isa = PBXBuildFile; fileRef = 5D0C97071E64D61500BFE448 /* CalculatorView.xib */; };
		5D0C970B1E64D61500BFE448 /* CustomExtentions.swift in Sources */ = {isa = PBXBuildFile; fileRef = 5D0C97081E64D61500BFE448 /* CustomExtentions.swift */; };
		5D0C97101E64D62800BFE448 /* MenuViewController.swift in Sources */ = {isa = PBXBuildFile; fileRef = 5D0C970D1E64D62800BFE448 /* MenuViewController.swift */; };
		5D0C97151E64D6D800BFE448 /* SWRevealViewController.m in Sources */ = {isa = PBXBuildFile; fileRef = 5D0C97141E64D6D800BFE448 /* SWRevealViewController.m */; };
/* End PBXBuildFile section */

/* Begin PBXFileReference section */
		5D0C96F11E64D54500BFE448 /* Calculator.app */ = {isa = PBXFileReference; explicitFileType = wrapper.application; includeInIndex = 0; path = Calculator.app; sourceTree = BUILT_PRODUCTS_DIR; };
		5D0C96F41E64D54500BFE448 /* AppDelegate.swift */ = {isa = PBXFileReference; lastKnownFileType = sourcecode.swift; path = AppDelegate.swift; sourceTree = "<group>"; };
		5D0C96F61E64D54500BFE448 /* ViewController.swift */ = {isa = PBXFileReference; lastKnownFileType = sourcecode.swift; path = ViewController.swift; sourceTree = "<group>"; };
		5D0C96F91E64D54500BFE448 /* Base */ = {isa = PBXFileReference; lastKnownFileType = file.storyboard; name = Base; path = Base.lproj/Main.storyboard; sourceTree = "<group>"; };
		5D0C96FB1E64D54500BFE448 /* Assets.xcassets */ = {isa = PBXFileReference; lastKnownFileType = folder.assetcatalog; path = Assets.xcassets; sourceTree = "<group>"; };
		5D0C96FE1E64D54500BFE448 /* Base */ = {isa = PBXFileReference; lastKnownFileType = file.storyboard; name = Base; path = Base.lproj/LaunchScreen.storyboard; sourceTree = "<group>"; };
		5D0C97001E64D54500BFE448 /* Info.plist */ = {isa = PBXFileReference; lastKnownFileType = text.plist.xml; path = Info.plist; sourceTree = "<group>"; };
		5D0C97061E64D61500BFE448 /* CalculatorView.swift */ = {isa = PBXFileReference; fileEncoding = 4; lastKnownFileType = sourcecode.swift; path = CalculatorView.swift; sourceTree = "<group>"; };
		5D0C97071E64D61500BFE448 /* CalculatorView.xib */ = {isa = PBXFileReference; fileEncoding = 4; lastKnownFileType = file.xib; path = CalculatorView.xib; sourceTree = "<group>"; };
		5D0C97081E64D61500BFE448 /* CustomExtentions.swift */ = {isa = PBXFileReference; fileEncoding = 4; lastKnownFileType = sourcecode.swift; path = CustomExtentions.swift; sourceTree = "<group>"; };
		5D0C970D1E64D62800BFE448 /* MenuViewController.swift */ = {isa = PBXFileReference; fileEncoding = 4; lastKnownFileType = sourcecode.swift; path = MenuViewController.swift; sourceTree = "<group>"; };
		5D0C97121E64D6D800BFE448 /* Calculator-Bridging-Header.h */ = {isa = PBXFileReference; lastKnownFileType = sourcecode.c.h; path = "Calculator-Bridging-Header.h"; sourceTree = "<group>"; };
		5D0C97131E64D6D800BFE448 /* SWRevealViewController.h */ = {isa = PBXFileReference; fileEncoding = 4; lastKnownFileType = sourcecode.c.h; path = SWRevealViewController.h; sourceTree = "<group>"; };
		5D0C97141E64D6D800BFE448 /* SWRevealViewController.m */ = {isa = PBXFileReference; fileEncoding = 4; lastKnownFileType = sourcecode.c.objc; path = SWRevealViewController.m; sourceTree = "<group>"; };
/* End PBXFileReference section */

/* Begin PBXFrameworksBuildPhase section */
		5D0C96EE1E64D54500BFE448 /* Frameworks */ = {
			isa = PBXFrameworksBuildPhase;
			buildActionMask = 2147483647;
			files = (
			);
			runOnlyForDeploymentPostprocessing = 0;
		};
/* End PBXFrameworksBuildPhase section */

/* Begin PBXGroup section */
		5D0C96E81E64D54500BFE448 = {
			isa = PBXGroup;
			children = (
				5D0C96F31E64D54500BFE448 /* Calculator */,
				5D0C96F21E64D54500BFE448 /* Products */,
			);
			sourceTree = "<group>";
		};
		5D0C96F21E64D54500BFE448 /* Products */ = {
			isa = PBXGroup;
			children = (
				5D0C96F11E64D54500BFE448 /* Calculator.app */,
			);
			name = Products;
			sourceTree = "<group>";
		};
		5D0C96F31E64D54500BFE448 /* Calculator */ = {
			isa = PBXGroup;
			children = (
				5D0C97131E64D6D800BFE448 /* SWRevealViewController.h */,
				5D0C97141E64D6D800BFE448 /* SWRevealViewController.m */,
				5D0C970D1E64D62800BFE448 /* MenuViewController.swift */,
				5D0C97061E64D61500BFE448 /* CalculatorView.swift */,
				5D0C97071E64D61500BFE448 /* CalculatorView.xib */,
				5D0C97081E64D61500BFE448 /* CustomExtentions.swift */,
				5D0C96F41E64D54500BFE448 /* AppDelegate.swift */,
				5D0C96F61E64D54500BFE448 /* ViewController.swift */,
				5D0C96F81E64D54500BFE448 /* Main.storyboard */,
				5D0C96FB1E64D54500BFE448 /* Assets.xcassets */,
				5D0C96FD1E64D54500BFE448 /* LaunchScreen.storyboard */,
				5D0C97001E64D54500BFE448 /* Info.plist */,
				5D0C97121E64D6D800BFE448 /* Calculator-Bridging-Header.h */,
			);
			path = Calculator;
			sourceTree = "<group>";
		};
/* End PBXGroup section */

/* Begin PBXNativeTarget section */
		5D0C96F01E64D54500BFE448 /* Calculator */ = {
			isa = PBXNativeTarget;
			buildConfigurationList = 5D0C97031E64D54500BFE448 /* Build configuration list for PBXNativeTarget "Calculator" */;
			buildPhases = (
				5D0C96ED1E64D54500BFE448 /* Sources */,
				5D0C96EE1E64D54500BFE448 /* Frameworks */,
				5D0C96EF1E64D54500BFE448 /* Resources */,
			);
			buildRules = (
			);
			dependencies = (
			);
			name = Calculator;
			productName = Calculator;
			productReference = 5D0C96F11E64D54500BFE448 /* Calculator.app */;
			productType = "com.apple.product-type.application";
		};
/* End PBXNativeTarget section */

/* Begin PBXProject section */
		5D0C96E91E64D54500BFE448 /* Project object */ = {
			isa = PBXProject;
			attributes = {
				LastSwiftUpdateCheck = 0820;
				LastUpgradeCheck = 0820;
				ORGANIZATIONNAME = "Rome Rock";
				TargetAttributes = {
					5D0C96F01E64D54500BFE448 = {
						CreatedOnToolsVersion = 8.2.1;
						LastSwiftMigration = 0820;
						ProvisioningStyle = Automatic;
					};
				};
			};
			buildConfigurationList = 5D0C96EC1E64D54500BFE448 /* Build configuration list for PBXProject "Calculator" */;
			compatibilityVersion = "Xcode 3.2";
			developmentRegion = English;
			hasScannedForEncodings = 0;
			knownRegions = (
				en,
				Base,
			);
			mainGroup = 5D0C96E81E64D54500BFE448;
			productRefGroup = 5D0C96F21E64D54500BFE448 /* Products */;
			projectDirPath = "";
			projectRoot = "";
			targets = (
				5D0C96F01E64D54500BFE448 /* Calculator */,
			);
		};
/* End PBXProject section */

/* Begin PBXResourcesBuildPhase section */
		5D0C96EF1E64D54500BFE448 /* Resources */ = {
			isa = PBXResourcesBuildPhase;
			buildActionMask = 2147483647;
			files = (
				5D0C970A1E64D61500BFE448 /* CalculatorView.xib in Resources */,
				5D0C96FF1E64D54500BFE448 /* LaunchScreen.storyboard in Resources */,
				5D0C96FC1E64D54500BFE448 /* Assets.xcassets in Resources */,
				5D0C96FA1E64D54500BFE448 /* Main.storyboard in Resources */,
			);
			runOnlyForDeploymentPostprocessing = 0;
		};
/* End PBXResourcesBuildPhase section */

/* Begin PBXSourcesBuildPhase section */
		5D0C96ED1E64D54500BFE448 /* Sources */ = {
			isa = PBXSourcesBuildPhase;
			buildActionMask = 2147483647;
			files = (
				5D0C96F71E64D54500BFE448 /* ViewController.swift in Sources */,
				5D0C97101E64D62800BFE448 /* MenuViewController.swift in Sources */,
				5D0C970B1E64D61500BFE448 /* CustomExtentions.swift in Sources */,
				5D0C97091E64D61500BFE448 /* CalculatorView.swift in Sources */,
				5D0C96F51E64D54500BFE448 /* AppDelegate.swift in Sources */,
				5D0C97151E64D6D800BFE448 /* SWRevealViewController.m in Sources */,
			);
			runOnlyForDeploymentPostprocessing = 0;
		};
/* End PBXSourcesBuildPhase section */

/* Begin PBXVariantGroup section */
		5D0C96F81E64D54500BFE448 /* Main.storyboard */ = {
			isa = PBXVariantGroup;
			children = (
				5D0C96F91E64D54500BFE448 /* Base */,
			);
			name = Main.storyboard;
			sourceTree = "<group>";
		};
		5D0C96FD1E64D54500BFE448 /* LaunchScreen.storyboard */ = {
			isa = PBXVariantGroup;
			children = (
				5D0C96FE1E64D54500BFE448 /* Base */,
			);
			name = LaunchScreen.storyboard;
			sourceTree = "<group>";
		};
/* End PBXVariantGroup section */

/* Begin XCBuildConfiguration section */
		5D0C97011E64D54500BFE448 /* Debug */ = {
			isa = XCBuildConfiguration;
			buildSettings = {
				ALWAYS_SEARCH_USER_PATHS = NO;
				CLANG_ANALYZER_NONNULL = YES;
				CLANG_CXX_LANGUAGE_STANDARD = "gnu++0x";
				CLANG_CXX_LIBRARY = "libc++";
				CLANG_ENABLE_MODULES = YES;
				CLANG_ENABLE_OBJC_ARC = YES;
				CLANG_WARN_BOOL_CONVERSION = YES;
				CLANG_WARN_CONSTANT_CONVERSION = YES;
				CLANG_WARN_DIRECT_OBJC_ISA_USAGE = YES_ERROR;
				CLANG_WARN_DOCUMENTATION_COMMENTS = YES;
				CLANG_WARN_EMPTY_BODY = YES;
				CLANG_WARN_ENUM_CONVERSION = YES;
				CLANG_WARN_INFINITE_RECURSION = YES;
				CLANG_WARN_INT_CONVERSION = YES;
				CLANG_WARN_OBJC_ROOT_CLASS = YES_ERROR;
				CLANG_WARN_SUSPICIOUS_MOVE = YES;
				CLANG_WARN_UNREACHABLE_CODE = YES;
				CLANG_WARN__DUPLICATE_METHOD_MATCH = YES;
				"CODE_SIGN_IDENTITY[sdk=iphoneos*]" = "iPhone Developer";
				COPY_PHASE_STRIP = NO;
				DEBUG_INFORMATION_FORMAT = dwarf;
				ENABLE_STRICT_OBJC_MSGSEND = YES;
				ENABLE_TESTABILITY = YES;
				GCC_C_LANGUAGE_STANDARD = gnu99;
				GCC_DYNAMIC_NO_PIC = NO;
				GCC_NO_COMMON_BLOCKS = YES;
				GCC_OPTIMIZATION_LEVEL = 0;
				GCC_PREPROCESSOR_DEFINITIONS = (
					"DEBUG=1",
					"$(inherited)",
				);
				GCC_WARN_64_TO_32_BIT_CONVERSION = YES;
				GCC_WARN_ABOUT_RETURN_TYPE = YES_ERROR;
				GCC_WARN_UNDECLARED_SELECTOR = YES;
				GCC_WARN_UNINITIALIZED_AUTOS = YES_AGGRESSIVE;
				GCC_WARN_UNUSED_FUNCTION = YES;
				GCC_WARN_UNUSED_VARIABLE = YES;
				IPHONEOS_DEPLOYMENT_TARGET = 10.2;
				MTL_ENABLE_DEBUG_INFO = YES;
				ONLY_ACTIVE_ARCH = YES;
				SDKROOT = iphoneos;
				SWIFT_ACTIVE_COMPILATION_CONDITIONS = DEBUG;
				SWIFT_OPTIMIZATION_LEVEL = "-Onone";
				TARGETED_DEVICE_FAMILY = "1,2";
			};
			name = Debug;
		};
		5D0C97021E64D54500BFE448 /* Release */ = {
			isa = XCBuildConfiguration;
			buildSettings = {
				ALWAYS_SEARCH_USER_PATHS = NO;
				CLANG_ANALYZER_NONNULL = YES;
				CLANG_CXX_LANGUAGE_STANDARD = "gnu++0x";
				CLANG_CXX_LIBRARY = "libc++";
				CLANG_ENABLE_MODULES = YES;
				CLANG_ENABLE_OBJC_ARC = YES;
				CLANG_WARN_BOOL_CONVERSION = YES;
				CLANG_WARN_CONSTANT_CONVERSION = YES;
				CLANG_WARN_DIRECT_OBJC_ISA_USAGE = YES_ERROR;
				CLANG_WARN_DOCUMENTATION_COMMENTS = YES;
				CLANG_WARN_EMPTY_BODY = YES;
				CLANG_WARN_ENUM_CONVERSION = YES;
				CLANG_WARN_INFINITE_RECURSION = YES;
				CLANG_WARN_INT_CONVERSION = YES;
				CLANG_WARN_OBJC_ROOT_CLASS = YES_ERROR;
				CLANG_WARN_SUSPICIOUS_MOVE = YES;
				CLANG_WARN_UNREACHABLE_CODE = YES;
				CLANG_WARN__DUPLICATE_METHOD_MATCH = YES;
				"CODE_SIGN_IDENTITY[sdk=iphoneos*]" = "iPhone Developer";
				COPY_PHASE_STRIP = NO;
				DEBUG_INFORMATION_FORMAT = "dwarf-with-dsym";
				ENABLE_NS_ASSERTIONS = NO;
				ENABLE_STRICT_OBJC_MSGSEND = YES;
				GCC_C_LANGUAGE_STANDARD = gnu99;
				GCC_NO_COMMON_BLOCKS = YES;
				GCC_WARN_64_TO_32_BIT_CONVERSION = YES;
				GCC_WARN_ABOUT_RETURN_TYPE = YES_ERROR;
				GCC_WARN_UNDECLARED_SELECTOR = YES;
				GCC_WARN_UNINITIALIZED_AUTOS = YES_AGGRESSIVE;
				GCC_WARN_UNUSED_FUNCTION = YES;
				GCC_WARN_UNUSED_VARIABLE = YES;
				IPHONEOS_DEPLOYMENT_TARGET = 10.2;
				MTL_ENABLE_DEBUG_INFO = NO;
				SDKROOT = iphoneos;
				SWIFT_OPTIMIZATION_LEVEL = "-Owholemodule";
				TARGETED_DEVICE_FAMILY = "1,2";
				VALIDATE_PRODUCT = YES;
			};
			name = Release;
		};
		5D0C97041E64D54500BFE448 /* Debug */ = {
			isa = XCBuildConfiguration;
			buildSettings = {
				ASSETCATALOG_COMPILER_APPICON_NAME = AppIcon;
				CLANG_ENABLE_MODULES = YES;
				INFOPLIST_FILE = Calculator/Info.plist;
				LD_RUNPATH_SEARCH_PATHS = "$(inherited) @executable_path/Frameworks";
				PRODUCT_BUNDLE_IDENTIFIER = com.romerock.modules.Calculator;
				PRODUCT_NAME = "$(TARGET_NAME)";
				SWIFT_OBJC_BRIDGING_HEADER = "Calculator/Calculator-Bridging-Header.h";
				SWIFT_OPTIMIZATION_LEVEL = "-Onone";
				SWIFT_VERSION = 3.0;
			};
			name = Debug;
		};
		5D0C97051E64D54500BFE448 /* Release */ = {
			isa = XCBuildConfiguration;
			buildSettings = {
				ASSETCATALOG_COMPILER_APPICON_NAME = AppIcon;
				CLANG_ENABLE_MODULES = YES;
				INFOPLIST_FILE = Calculator/Info.plist;
				LD_RUNPATH_SEARCH_PATHS = "$(inherited) @executable_path/Frameworks";
				PRODUCT_BUNDLE_IDENTIFIER = com.romerock.modules.Calculator;
				PRODUCT_NAME = "$(TARGET_NAME)";
				SWIFT_OBJC_BRIDGING_HEADER = "Calculator/Calculator-Bridging-Header.h";
				SWIFT_VERSION = 3.0;
			};
			name = Release;
		};
/* End XCBuildConfiguration section */

/* Begin XCConfigurationList section */
		5D0C96EC1E64D54500BFE448 /* Build configuration list for PBXProject "Calculator" */ = {
			isa = XCConfigurationList;
			buildConfigurations = (
				5D0C97011E64D54500BFE448 /* Debug */,
				5D0C97021E64D54500BFE448 /* Release */,
			);
			defaultConfigurationIsVisible = 0;
			defaultConfigurationName = Release;
		};
		5D0C97031E64D54500BFE448 /* Build configuration list for PBXNativeTarget "Calculator" */ = {
			isa = XCConfigurationList;
			buildConfigurations = (
				5D0C97041E64D54500BFE448 /* Debug */,
				5D0C97051E64D54500BFE448 /* Release */,
			);
			defaultConfigurationIsVisible = 0;
			defaultConfigurationName = Release;
		};
/* End XCConfigurationList section */
	};
	rootObject = 5D0C96E91E64D54500BFE448 /* Project object */;
}
